
Microsoft Visual Studio Solution File, Format Version 12.00
# Visual Studio Version 17
VisualStudioVersion = 17.6.33723.286
MinimumVisualStudioVersion = 10.0.40219.1
Project("{FAE04EC0-301F-11D3-BF4B-00C04F79EFBC}") = "JenkinsDemo", "JenkinsDemo\JenkinsDemo.csproj", "{B3D2459B-B1CD-44E9-AA23-A133353DDF33}"
EndProject
Global
	GlobalSection(SolutionConfigurationPlatforms) = preSolution
		Debug|Any CPU = Debug|Any CPU
		Release|Any CPU = Release|Any CPU
	EndGlobalSection
	GlobalSection(ProjectConfigurationPlatforms) = postSolution
		{B3D2459B-B1CD-44E9-AA23-A133353DDF33}.Debug|Any CPU.ActiveCfg = Debug|Any CPU
		{B3D2459B-B1CD-44E9-AA23-A133353DDF33}.Debug|Any CPU.Build.0 = Debug|Any CPU
		{B3D2459B-B1CD-44E9-AA23-A133353DDF33}.Release|Any CPU.ActiveCfg = Release|Any CPU
		{B3D2459B-B1CD-44E9-AA23-A133353DDF33}.Release|Any CPU.Build.0 = Release|Any CPU
	EndGlobalSection
	GlobalSection(SolutionProperties) = preSolution
		HideSolutionNode = FALSE
	EndGlobalSection
	GlobalSection(ExtensibilityGlobals) = postSolution
		SolutionGuid = {0BBA43F5-FA75-4A58-8EF4-F63902F58944}
	EndGlobalSection
EndGlobal
